dependencies:
  espressif/cmake_utilities:
    component_hash: 351350613ceafba240b761b4ea991e0f231ac7a9f59a9ee901f751bddc0bb18f
    dependencies:
    - name: idf
      require: private
      version: '>=4.1'
    source:
      registry_url: https://components.espressif.com
      type: service
    version: 0.5.3
  espressif/esp_codec_dev:
    component_hash: 18c22e1411224ba6103c4aca1b01bc740af33926756e9e106370a477d52bcba1
    dependencies:
    - name: idf
      require: private
      version: '>=4.0'
    source:
      registry_url: https://components.espressif.com/
      type: service
    version: 1.3.4
  espressif/esp_lcd_ili9881c:
    component_hash: f4f374226b62baf13f735864e8fae58e17c537df34d598e059f6caad4761ef65
    dependencies:
    - name: idf
      require: private
      version: '>=5.3'
    source:
      registry_url: https://components.espressif.com/
      type: service
    targets:
    - esp32p4
    version: 1.0.1
  espressif/esp_lcd_st7703:
    component_hash: fdc6a37259eeb69bf02c2dcb44eeb689b1b4d3a8124d4c7eb15d9817067989af
    dependencies:
    - name: espressif/cmake_utilities
      registry_url: https://components.espressif.com
      require: private
      version: 0.*
    - name: idf
      require: private
      version: '>=5.3'
    source:
      registry_url: https://components.espressif.com/
      type: service
    targets:
    - esp32p4
    version: 1.0.3
  espressif/esp_lcd_touch:
    component_hash: 779b4ba2464a3ae85681e4b860caa5fdc35801458c23f3039ee761bae7f442a4
    dependencies:
    - name: idf
      require: private
      version: '>=4.4.2'
    source:
      registry_url: https://components.espressif.com
      type: service
    version: 1.1.2
  espressif/esp_lcd_touch_gt911:
    component_hash: acc1c184358aa29ef72506f618c9c76a8cc2bf12af38a2bff3d44d84f3a08857
    dependencies:
    - name: espressif/esp_lcd_touch
      registry_url: https://components.espressif.com
      require: public
      version: ^1.1.0
    - name: idf
      require: private
      version: '>=4.4.2'
    source:
      registry_url: https://components.espressif.com/
      type: service
    version: 1.1.3
  espressif/esp_lvgl_port:
    component_hash: e720c95cf0667554a204591bb5fade4655fb2990465557041200fa44b5bc7556
    dependencies:
    - name: idf
      require: private
      version: '>=4.4'
    - name: lvgl/lvgl
      registry_url: https://components.espressif.com
      require: public
      version: '>=8,<10'
    source:
      registry_url: https://components.espressif.com/
      type: service
    version: 2.6.0
  espressif/usb_host_hid:
    component_hash: eabf03fe3cb1bdb5325d2725f420c6324c3e150033d893ce3737222929455a55
    dependencies:
    - name: idf
      require: private
      version: '>=4.4'
    source:
      registry_url: https://components.espressif.com/
      type: service
    targets:
    - esp32s2
    - esp32s3
    - esp32p4
    version: 1.0.3
  idf:
    source:
      type: idf
    version: 5.4.1
  lvgl/lvgl:
    component_hash: 096c69af22eaf8a2b721e3913da91918c5e6bf1a762a113ec01f401aa61337a0
    dependencies: []
    source:
      registry_url: https://components.espressif.com
      type: service
    version: 9.2.2
  m5stack-tab5:
    component_hash: 257b799b7f7b6d0c5d9f0843ef5ff4bbeaa315c61cbf98289b34b96043fcabfe
    dependencies:
    - name: espressif/esp_lcd_st7703
      version: ^1.0.1
    - name: espressif/esp_codec_dev
      version: ^1.3.0
    - name: espressif/esp_lcd_touch_gt911
      version: ^1.1.1~2
    - name: espressif/usb_host_hid
      version: ^1.0.3
    source:
      git: https://github.com/m5stack/M5Tab5-UserDemo.git
      path: platforms/tab5/components/m5stack_tab5
      type: git
    version: 077b312dc5337d141697d0af34360352137ebb9e
direct_dependencies:
- espressif/esp_lcd_ili9881c
- espressif/esp_lvgl_port
- idf
- m5stack-tab5
manifest_hash: 7b3f460e6d9c91453c2fe66d29c5c339885708edb1dbf2627825c6db901ac6cf
target: esp32p4
version: 2.0.0
